
Microsoft Visual Studio Solution File, Format Version 12.00
# Visual Studio Version 17
VisualStudioVersion = 17.2.32630.192
MinimumVisualStudioVersion = 10.0.40219.1
Project("{FAE04EC0-301F-11D3-BF4B-00C04F79EFBC}") = "WEB_API", "BASIC_CRUD5\WEB_API.csproj", "{C40FE816-A4E9-4C14-9C82-24EA8756622F}"
EndProject
Global
	GlobalSection(SolutionConfigurationPlatforms) = preSolution
		Debug|Any CPU = Debug|Any CPU
		Release|Any CPU = Release|Any CPU
	EndGlobalSection
	GlobalSection(ProjectConfigurationPlatforms) = postSolution
		{C40FE816-A4E9-4C14-9C82-24EA8756622F}.Debug|Any CPU.ActiveCfg = Debug|Any CPU
		{C40FE816-A4E9-4C14-9C82-24EA8756622F}.Debug|Any CPU.Build.0 = Debug|Any CPU
		{C40FE816-A4E9-4C14-9C82-24EA8756622F}.Release|Any CPU.ActiveCfg = Release|Any CPU
		{C40FE816-A4E9-4C14-9C82-24EA8756622F}.Release|Any CPU.Build.0 = Release|Any CPU
	EndGlobalSection
	GlobalSection(SolutionProperties) = preSolution
		HideSolutionNode = FALSE
	EndGlobalSection
	GlobalSection(ExtensibilityGlobals) = postSolution
		SolutionGuid = {6D146935-7188-4958-812A-1BE02CF0CD88}
	EndGlobalSection
EndGlobal
